
Microsoft Visual Studio Solution File, Format Version 12.00
# Visual Studio Version 16
VisualStudioVersion = 16.0.30011.22
MinimumVisualStudioVersion = 10.0.40219.1
Project("{FAE04EC0-301F-11D3-BF4B-00C04F79EFBC}") = "PS1_U3_Eventos", "PS1_U3_Eventos.csproj", "{E546A33F-8CE4-4C38-AB34-5D86FE2223C8}"
EndProject
Global
	GlobalSection(SolutionConfigurationPlatforms) = preSolution
		Debug|Any CPU = Debug|Any CPU
		Release|Any CPU = Release|Any CPU
	EndGlobalSection
	GlobalSection(ProjectConfigurationPlatforms) = postSolution
		{E546A33F-8CE4-4C38-AB34-5D86FE2223C8}.Debug|Any CPU.ActiveCfg = Debug|Any CPU
		{E546A33F-8CE4-4C38-AB34-5D86FE2223C8}.Debug|Any CPU.Build.0 = Debug|Any CPU
		{E546A33F-8CE4-4C38-AB34-5D86FE2223C8}.Release|Any CPU.ActiveCfg = Release|Any CPU
		{E546A33F-8CE4-4C38-AB34-5D86FE2223C8}.Release|Any CPU.Build.0 = Release|Any CPU
	EndGlobalSection
	GlobalSection(SolutionProperties) = preSolution
		HideSolutionNode = FALSE
	EndGlobalSection
	GlobalSection(ExtensibilityGlobals) = postSolution
		SolutionGuid = {8804AE75-58A1-46E9-876D-D034A276F57C}
	EndGlobalSection
EndGlobal
